
Microsoft Visual Studio Solution File, Format Version 12.00
# Visual Studio Version 16
VisualStudioVersion = 16.0.29215.179
MinimumVisualStudioVersion = 10.0.40219.1
Project("{FAE04EC0-301F-11D3-BF4B-00C04F79EFBC}") = "BigNumberCalculator", "BigNumberCalculator\BigNumberCalculator.csproj", "{6A00567E-14F7-437C-965A-76E0090F4044}"
EndProject
Global
	GlobalSection(SolutionConfigurationPlatforms) = preSolution
		Debug|Any CPU = Debug|Any CPU
		Release|Any CPU = Release|Any CPU
	EndGlobalSection
	GlobalSection(ProjectConfigurationPlatforms) = postSolution
		{6A00567E-14F7-437C-965A-76E0090F4044}.Debug|Any CPU.ActiveCfg = Debug|Any CPU
		{6A00567E-14F7-437C-965A-76E0090F4044}.Debug|Any CPU.Build.0 = Debug|Any CPU
		{6A00567E-14F7-437C-965A-76E0090F4044}.Release|Any CPU.ActiveCfg = Release|Any CPU
		{6A00567E-14F7-437C-965A-76E0090F4044}.Release|Any CPU.Build.0 = Release|Any CPU
	EndGlobalSection
	GlobalSection(SolutionProperties) = preSolution
		HideSolutionNode = FALSE
	EndGlobalSection
	GlobalSection(ExtensibilityGlobals) = postSolution
		SolutionGuid = {CBF6AAB6-7D24-42D1-ADB3-4B3324E46AC8}
	EndGlobalSection
EndGlobal
